
Microsoft Visual Studio Solution File, Format Version 12.00
# Visual Studio 15
VisualStudioVersion = 15.0.28307.902
MinimumVisualStudioVersion = 10.0.40219.1
Project("{FAE04EC0-301F-11D3-BF4B-00C04F79EFBC}") = "CleanCode", "CleanCode\CleanCode.csproj", "{92109233-5E54-4F74-A897-F7298ADA42E8}"
EndProject
Project("{FAE04EC0-301F-11D3-BF4B-00C04F79EFBC}") = "WordNet", "WordNet\WordNet.csproj", "{F4C6C48C-90EF-445D-B8F8-AD9B6767D9A8}"
EndProject
Global
	GlobalSection(SolutionConfigurationPlatforms) = preSolution
		Debug|Any CPU = Debug|Any CPU
		Release|Any CPU = Release|Any CPU
	EndGlobalSection
	GlobalSection(ProjectConfigurationPlatforms) = postSolution
		{92109233-5E54-4F74-A897-F7298ADA42E8}.Debug|Any CPU.ActiveCfg = Debug|Any CPU
		{92109233-5E54-4F74-A897-F7298ADA42E8}.Debug|Any CPU.Build.0 = Debug|Any CPU
		{92109233-5E54-4F74-A897-F7298ADA42E8}.Release|Any CPU.ActiveCfg = Release|Any CPU
		{92109233-5E54-4F74-A897-F7298ADA42E8}.Release|Any CPU.Build.0 = Release|Any CPU
		{F4C6C48C-90EF-445D-B8F8-AD9B6767D9A8}.Debug|Any CPU.ActiveCfg = Debug|Any CPU
		{F4C6C48C-90EF-445D-B8F8-AD9B6767D9A8}.Debug|Any CPU.Build.0 = Debug|Any CPU
		{F4C6C48C-90EF-445D-B8F8-AD9B6767D9A8}.Release|Any CPU.ActiveCfg = Release|Any CPU
		{F4C6C48C-90EF-445D-B8F8-AD9B6767D9A8}.Release|Any CPU.Build.0 = Release|Any CPU
	EndGlobalSection
	GlobalSection(SolutionProperties) = preSolution
		HideSolutionNode = FALSE
	EndGlobalSection
	GlobalSection(ExtensibilityGlobals) = postSolution
		SolutionGuid = {166AEE55-AF5C-465E-94E2-8466CA537913}
	EndGlobalSection
EndGlobal
